{
  "originHash" : "b809819531d430dc5b7a0fb1fb5538d0321c5d541eed52a9990f37c38dd0f98a",
  "pins" : [
    {
      "identity" : "swift-cmark",
      "kind" : "remoteSourceControl",
      "location" : "https://github.com/swiftlang/swift-cmark.git",
      "state" : {
        "branch" : "gfm",
        "revision" : "924936d0427cb25a61169739a7660230bffa6ea6"
      }
    },
    {
      "identity" : "swift-markdown",
      "kind" : "remoteSourceControl",
      "location" : "https://github.com/apple/swift-markdown",
      "state" : {
        "branch" : "main",
        "revision" : "ba1fbd1b242972b9aa79a3d1f213b5eed2e84921"
      }
    }
  ],
  "version" : 3
}
